// !$*UTF8*$!
{
	archiveVersion = 1;
	classes = {
	};
	objectVersion = 50;
	objects = {

/* Begin PBXBuildFile section */
		FAA1149A24110B4E00873C46 /* AppDelegate.swift in Sources */ = {isa = PBXBuildFile; fileRef = FAA1149924110B4E00873C46 /* AppDelegate.swift */; };
		FAA1149C24110B4E00873C46 /* SceneDelegate.swift in Sources */ = {isa = PBXBuildFile; fileRef = FAA1149B24110B4E00873C46 /* SceneDelegate.swift */; };
		FAA1149E24110B4E00873C46 /* ContentView.swift in Sources */ = {isa = PBXBuildFile; fileRef = FAA1149D24110B4E00873C46 /* ContentView.swift */; };
		FAA114A024110B4F00873C46 /* Assets.xcassets in Resources */ = {isa = PBXBuildFile; fileRef = FAA1149F24110B4F00873C46 /* Assets.xcassets */; };
		FAA114A324110B4F00873C46 /* Preview Assets.xcassets in Resources */ = {isa = PBXBuildFile; fileRef = FAA114A224110B4F00873C46 /* Preview Assets.xcassets */; };
		FAA114A624110B4F00873C46 /* LaunchScreen.storyboard in Resources */ = {isa = PBXBuildFile; fileRef = FAA114A424110B4F00873C46 /* LaunchScreen.storyboard */; };
/* End PBXBuildFile section */

/* Begin PBXFileReference section */
		FAA1149624110B4E00873C46 /* CustomBackButton.app */ = {isa = PBXFileReference; explicitFileType = wrapper.application; includeInIndex = 0; path = CustomBackButton.app; sourceTree = BUILT_PRODUCTS_DIR; };
		FAA1149924110B4E00873C46 /* AppDelegate.swift */ = {isa = PBXFileReference; lastKnownFileType = sourcecode.swift; path = AppDelegate.swift; sourceTree = "<group>"; };
		FAA1149B24110B4E00873C46 /* SceneDelegate.swift */ = {isa = PBXFileReference; lastKnownFileType = sourcecode.swift; path = SceneDelegate.swift; sourceTree = "<group>"; };
		FAA1149D24110B4E00873C46 /* ContentView.swift */ = {isa = PBXFileReference; lastKnownFileType = sourcecode.swift; path = ContentView.swift; sourceTree = "<group>"; };
		FAA1149F24110B4F00873C46 /* Assets.xcassets */ = {isa = PBXFileReference; lastKnownFileType = folder.assetcatalog; path = Assets.xcassets; sourceTree = "<group>"; };
		FAA114A224110B4F00873C46 /* Preview Assets.xcassets */ = {isa = PBXFileReference; lastKnownFileType = folder.assetcatalog; path = "Preview Assets.xcassets"; sourceTree = "<group>"; };
		FAA114A524110B4F00873C46 /* Base */ = {isa = PBXFileReference; lastKnownFileType = file.storyboard; name = Base; path = Base.lproj/LaunchScreen.storyboard; sourceTree = "<group>"; };
		FAA114A724110B4F00873C46 /* Info.plist */ = {isa = PBXFileReference; lastKnownFileType = text.plist.xml; path = Info.plist; sourceTree = "<group>"; };
/* End PBXFileReference section */

/* Begin PBXFrameworksBuildPhase section */
		FAA1149324110B4E00873C46 /* Frameworks */ = {
			isa = PBXFrameworksBuildPhase;
			buildActionMask = 2147483647;
			files = (
			);
			runOnlyForDeploymentPostprocessing = 0;
		};
/* End PBXFrameworksBuildPhase section */

/* Begin PBXGroup section */
		FAA1148D24110B4E00873C46 = {
			isa = PBXGroup;
			children = (
				FAA1149824110B4E00873C46 /* CustomBackButton */,
				FAA1149724110B4E00873C46 /* Products */,
			);
			sourceTree = "<group>";
		};
		FAA1149724110B4E00873C46 /* Products */ = {
			isa = PBXGroup;
			children = (
				FAA1149624110B4E00873C46 /* CustomBackButton.app */,
			);
			name = Products;
			sourceTree = "<group>";
		};
		FAA1149824110B4E00873C46 /* CustomBackButton */ = {
			isa = PBXGroup;
			children = (
				FAA1149924110B4E00873C46 /* AppDelegate.swift */,
				FAA1149B24110B4E00873C46 /* SceneDelegate.swift */,
				FAA1149D24110B4E00873C46 /* ContentView.swift */,
				FAA1149F24110B4F00873C46 /* Assets.xcassets */,
				FAA114A424110B4F00873C46 /* LaunchScreen.storyboard */,
				FAA114A724110B4F00873C46 /* Info.plist */,
				FAA114A124110B4F00873C46 /* Preview Content */,
			);
			path = CustomBackButton;
			sourceTree = "<group>";
		};
		FAA114A124110B4F00873C46 /* Preview Content */ = {
			isa = PBXGroup;
			children = (
				FAA114A224110B4F00873C46 /* Preview Assets.xcassets */,
			);
			path = "Preview Content";
			sourceTree = "<group>";
		};
/* End PBXGroup section */

/* Begin PBXNativeTarget section */
		FAA1149524110B4E00873C46 /* CustomBackButton */ = {
			isa = PBXNativeTarget;
			buildConfigurationList = FAA114AA24110B4F00873C46 /* Build configuration list for PBXNativeTarget "CustomBackButton" */;
			buildPhases = (
				FAA1149224110B4E00873C46 /* Sources */,
				FAA1149324110B4E00873C46 /* Frameworks */,
				FAA1149424110B4E00873C46 /* Resources */,
			);
			buildRules = (
			);
			dependencies = (
			);
			name = CustomBackButton;
			productName = CustomBackButton;
			productReference = FAA1149624110B4E00873C46 /* CustomBackButton.app */;
			productType = "com.apple.product-type.application";
		};
/* End PBXNativeTarget section */

/* Begin PBXProject section */
		FAA1148E24110B4E00873C46 /* Project object */ = {
			isa = PBXProject;
			attributes = {
				LastSwiftUpdateCheck = 1130;
				LastUpgradeCheck = 1130;
				ORGANIZATIONNAME = StefDev;
				TargetAttributes = {
					FAA1149524110B4E00873C46 = {
						CreatedOnToolsVersion = 11.3.1;
					};
				};
			};
			buildConfigurationList = FAA1149124110B4E00873C46 /* Build configuration list for PBXProject "CustomBackButton" */;
			compatibilityVersion = "Xcode 9.3";
			developmentRegion = en;
			hasScannedForEncodings = 0;
			knownRegions = (
				en,
				Base,
			);
			mainGroup = FAA1148D24110B4E00873C46;
			productRefGroup = FAA1149724110B4E00873C46 /* Products */;
			projectDirPath = "";
			projectRoot = "";
			targets = (
				FAA1149524110B4E00873C46 /* CustomBackButton */,
			);
		};
/* End PBXProject section */

/* Begin PBXResourcesBuildPhase section */
		FAA1149424110B4E00873C46 /* Resources */ = {
			isa = PBXResourcesBuildPhase;
			buildActionMask = 2147483647;
			files = (
				FAA114A624110B4F00873C46 /* LaunchScreen.storyboard in Resources */,
				FAA114A324110B4F00873C46 /* Preview Assets.xcassets in Resources */,
				FAA114A024110B4F00873C46 /* Assets.xcassets in Resources */,
			);
			runOnlyForDeploymentPostprocessing = 0;
		};
/* End PBXResourcesBuildPhase section */

/* Begin PBXSourcesBuildPhase section */
		FAA1149224110B4E00873C46 /* Sources */ = {
			isa = PBXSourcesBuildPhase;
			buildActionMask = 2147483647;
			files = (
				FAA1149A24110B4E00873C46 /* AppDelegate.swift in Sources */,
				FAA1149C24110B4E00873C46 /* SceneDelegate.swift in Sources */,
				FAA1149E24110B4E00873C46 /* ContentView.swift in Sources */,
			);
			runOnlyForDeploymentPostprocessing = 0;
		};
/* End PBXSourcesBuildPhase section */

/* Begin PBXVariantGroup section */
		FAA114A424110B4F00873C46 /* LaunchScreen.storyboard */ = {
			isa = PBXVariantGroup;
			children = (
				FAA114A524110B4F00873C46 /* Base */,
			);
			name = LaunchScreen.storyboard;
			sourceTree = "<group>";
		};
/* End PBXVariantGroup section */

/* Begin XCBuildConfiguration section */
		FAA114A824110B4F00873C46 /* Debug */ = {
			isa = XCBuildConfiguration;
			buildSettings = {
				ALWAYS_SEARCH_USER_PATHS = NO;
				CLANG_ANALYZER_NONNULL = YES;
				CLANG_ANALYZER_NUMBER_OBJECT_CONVERSION = YES_AGGRESSIVE;
				CLANG_CXX_LANGUAGE_STANDARD = "gnu++14";
				CLANG_CXX_LIBRARY = "libc++";
				CLANG_ENABLE_MODULES = YES;
				CLANG_ENABLE_OBJC_ARC = YES;
				CLANG_ENABLE_OBJC_WEAK = YES;
				CLANG_WARN_BLOCK_CAPTURE_AUTORELEASING = YES;
				CLANG_WARN_BOOL_CONVERSION = YES;
				CLANG_WARN_COMMA = YES;
				CLANG_WARN_CONSTANT_CONVERSION = YES;
				CLANG_WARN_DEPRECATED_OBJC_IMPLEMENTATIONS = YES;
				CLANG_WARN_DIRECT_OBJC_ISA_USAGE = YES_ERROR;
				CLANG_WARN_DOCUMENTATION_COMMENTS = YES;
				CLANG_WARN_EMPTY_BODY = YES;
				CLANG_WARN_ENUM_CONVERSION = YES;
				CLANG_WARN_INFINITE_RECURSION = YES;
				CLANG_WARN_INT_CONVERSION = YES;
				CLANG_WARN_NON_LITERAL_NULL_CONVERSION = YES;
				CLANG_WARN_OBJC_IMPLICIT_RETAIN_SELF = YES;
				CLANG_WARN_OBJC_LITERAL_CONVERSION = YES;
				CLANG_WARN_OBJC_ROOT_CLASS = YES_ERROR;
				CLANG_WARN_RANGE_LOOP_ANALYSIS = YES;
				CLANG_WARN_STRICT_PROTOTYPES = YES;
				CLANG_WARN_SUSPICIOUS_MOVE = YES;
				CLANG_WARN_UNGUARDED_AVAILABILITY = YES_AGGRESSIVE;
				CLANG_WARN_UNREACHABLE_CODE = YES;
				CLANG_WARN__DUPLICATE_METHOD_MATCH = YES;
				COPY_PHASE_STRIP = NO;
				DEBUG_INFORMATION_FORMAT = dwarf;
				ENABLE_STRICT_OBJC_MSGSEND = YES;
				ENABLE_TESTABILITY = YES;
				GCC_C_LANGUAGE_STANDARD = gnu11;
				GCC_DYNAMIC_NO_PIC = NO;
				GCC_NO_COMMON_BLOCKS = YES;
				GCC_OPTIMIZATION_LEVEL = 0;
				GCC_PREPROCESSOR_DEFINITIONS = (
					"DEBUG=1",
					"$(inherited)",
				);
				GCC_WARN_64_TO_32_BIT_CONVERSION = YES;
				GCC_WARN_ABOUT_RETURN_TYPE = YES_ERROR;
				GCC_WARN_UNDECLARED_SELECTOR = YES;
				GCC_WARN_UNINITIALIZED_AUTOS = YES_AGGRESSIVE;
				GCC_WARN_UNUSED_FUNCTION = YES;
				GCC_WARN_UNUSED_VARIABLE = YES;
				IPHONEOS_DEPLOYMENT_TARGET = 13.2;
				MTL_ENABLE_DEBUG_INFO = INCLUDE_SOURCE;
				MTL_FAST_MATH = YES;
				ONLY_ACTIVE_ARCH = YES;
				SDKROOT = iphoneos;
				SWIFT_ACTIVE_COMPILATION_CONDITIONS = DEBUG;
				SWIFT_OPTIMIZATION_LEVEL = "-Onone";
			};
			name = Debug;
		};
		FAA114A924110B4F00873C46 /* Release */ = {
			isa = XCBuildConfiguration;
			buildSettings = {
				ALWAYS_SEARCH_USER_PATHS = NO;
				CLANG_ANALYZER_NONNULL = YES;
				CLANG_ANALYZER_NUMBER_OBJECT_CONVERSION = YES_AGGRESSIVE;
				CLANG_CXX_LANGUAGE_STANDARD = "gnu++14";
				CLANG_CXX_LIBRARY = "libc++";
				CLANG_ENABLE_MODULES = YES;
				CLANG_ENABLE_OBJC_ARC = YES;
				CLANG_ENABLE_OBJC_WEAK = YES;
				CLANG_WARN_BLOCK_CAPTURE_AUTORELEASING = YES;
				CLANG_WARN_BOOL_CONVERSION = YES;
				CLANG_WARN_COMMA = YES;
				CLANG_WARN_CONSTANT_CONVERSION = YES;
				CLANG_WARN_DEPRECATED_OBJC_IMPLEMENTATIONS = YES;
				CLANG_WARN_DIRECT_OBJC_ISA_USAGE = YES_ERROR;
				CLANG_WARN_DOCUMENTATION_COMMENTS = YES;
				CLANG_WARN_EMPTY_BODY = YES;
				CLANG_WARN_ENUM_CONVERSION = YES;
				CLANG_WARN_INFINITE_RECURSION = YES;
				CLANG_WARN_INT_CONVERSION = YES;
				CLANG_WARN_NON_LITERAL_NULL_CONVERSION = YES;
				CLANG_WARN_OBJC_IMPLICIT_RETAIN_SELF = YES;
				CLANG_WARN_OBJC_LITERAL_CONVERSION = YES;
				CLANG_WARN_OBJC_ROOT_CLASS = YES_ERROR;
				CLANG_WARN_RANGE_LOOP_ANALYSIS = YES;
				CLANG_WARN_STRICT_PROTOTYPES = YES;
				CLANG_WARN_SUSPICIOUS_MOVE = YES;
				CLANG_WARN_UNGUARDED_AVAILABILITY = YES_AGGRESSIVE;
				CLANG_WARN_UNREACHABLE_CODE = YES;
				CLANG_WARN__DUPLICATE_METHOD_MATCH = YES;
				COPY_PHASE_STRIP = NO;
				DEBUG_INFORMATION_FORMAT = "dwarf-with-dsym";
				ENABLE_NS_ASSERTIONS = NO;
				ENABLE_STRICT_OBJC_MSGSEND = YES;
				GCC_C_LANGUAGE_STANDARD = gnu11;
				GCC_NO_COMMON_BLOCKS = YES;
				GCC_WARN_64_TO_32_BIT_CONVERSION = YES;
				GCC_WARN_ABOUT_RETURN_TYPE = YES_ERROR;
				GCC_WARN_UNDECLARED_SELECTOR = YES;
				GCC_WARN_UNINITIALIZED_AUTOS = YES_AGGRESSIVE;
				GCC_WARN_UNUSED_FUNCTION = YES;
				GCC_WARN_UNUSED_VARIABLE = YES;
				IPHONEOS_DEPLOYMENT_TARGET = 13.2;
				MTL_ENABLE_DEBUG_INFO = NO;
				MTL_FAST_MATH = YES;
				SDKROOT = iphoneos;
				SWIFT_COMPILATION_MODE = wholemodule;
				SWIFT_OPTIMIZATION_LEVEL = "-O";
				VALIDATE_PRODUCT = YES;
			};
			name = Release;
		};
		FAA114AB24110B4F00873C46 /* Debug */ = {
			isa = XCBuildConfiguration;
			buildSettings = {
				ASSETCATALOG_COMPILER_APPICON_NAME = AppIcon;
				CODE_SIGN_STYLE = Automatic;
				DEVELOPMENT_ASSET_PATHS = "\"CustomBackButton/Preview Content\"";
				DEVELOPMENT_TEAM = DD7799W2ZG;
				ENABLE_PREVIEWS = YES;
				INFOPLIST_FILE = CustomBackButton/Info.plist;
				LD_RUNPATH_SEARCH_PATHS = (
					"$(inherited)",
					"@executable_path/Frameworks",
				);
				PRODUCT_BUNDLE_IDENTIFIER = com.stefdev.CustomBackButton;
				PRODUCT_NAME = "$(TARGET_NAME)";
				SWIFT_VERSION = 5.0;
				TARGETED_DEVICE_FAMILY = "1,2";
			};
			name = Debug;
		};
		FAA114AC24110B4F00873C46 /* Release */ = {
			isa = XCBuildConfiguration;
			buildSettings = {
				ASSETCATALOG_COMPILER_APPICON_NAME = AppIcon;
				CODE_SIGN_STYLE = Automatic;
				DEVELOPMENT_ASSET_PATHS = "\"CustomBackButton/Preview Content\"";
				DEVELOPMENT_TEAM = DD7799W2ZG;
				ENABLE_PREVIEWS = YES;
				INFOPLIST_FILE = CustomBackButton/Info.plist;
				LD_RUNPATH_SEARCH_PATHS = (
					"$(inherited)",
					"@executable_path/Frameworks",
				);
				PRODUCT_BUNDLE_IDENTIFIER = com.stefdev.CustomBackButton;
				PRODUCT_NAME = "$(TARGET_NAME)";
				SWIFT_VERSION = 5.0;
				TARGETED_DEVICE_FAMILY = "1,2";
			};
			name = Release;
		};
/* End XCBuildConfiguration section */

/* Begin XCConfigurationList section */
		FAA1149124110B4E00873C46 /* Build configuration list for PBXProject "CustomBackButton" */ = {
			isa = XCConfigurationList;
			buildConfigurations = (
				FAA114A824110B4F00873C46 /* Debug */,
				FAA114A924110B4F00873C46 /* Release */,
			);
			defaultConfigurationIsVisible = 0;
			defaultConfigurationName = Release;
		};
		FAA114AA24110B4F00873C46 /* Build configuration list for PBXNativeTarget "CustomBackButton" */ = {
			isa = XCConfigurationList;
			buildConfigurations = (
				FAA114AB24110B4F00873C46 /* Debug */,
				FAA114AC24110B4F00873C46 /* Release */,
			);
			defaultConfigurationIsVisible = 0;
			defaultConfigurationName = Release;
		};
/* End XCConfigurationList section */
	};
	rootObject = FAA1148E24110B4E00873C46 /* Project object */;
}
